Microsoft Visual Studio Solution File, Format Version 11.00
# Visual Studio 2010
Project("{8BC9CEB8-8B4A-11D0-8D11-00A0C91BC942}") = "CPTN278_A8_Application_Bettle1", "CPTN278_A8_Application_Bettle1.vcxproj", "{0FBC0141-23DC-47D8-9697-DBD1583EDDCC}"
EndProject
Global
	GlobalSection(SolutionConfigurationPlatforms) = preSolution
		Debug|Win32 = Debug|Win32
		Release|Win32 = Release|Win32
	EndGlobalSection
	GlobalSection(ProjectConfigurationPlatforms) = postSolution
		{0FBC0141-23DC-47D8-9697-DBD1583EDDCC}.Debug|Win32.ActiveCfg = Debug|Win32
		{0FBC0141-23DC-47D8-9697-DBD1583EDDCC}.Debug|Win32.Build.0 = Debug|Win32
		{0FBC0141-23DC-47D8-9697-DBD1583EDDCC}.Release|Win32.ActiveCfg = Release|Win32
		{0FBC0141-23DC-47D8-9697-DBD1583EDDCC}.Release|Win32.Build.0 = Release|Win32
	EndGlobalSection
	GlobalSection(SolutionProperties) = preSolution
		HideSolutionNode = FALSE
	EndGlobalSection
EndGlobal
